
Microsoft Visual Studio Solution File, Format Version 12.00
# Visual Studio 15
VisualStudioVersion = 15.0.27130.2027
MinimumVisualStudioVersion = 10.0.40219.1
Project("{FAE04EC0-301F-11D3-BF4B-00C04F79EFBC}") = "Spremnici", "Spremnici\Spremnici.csproj", "{58B2D418-BE6C-48F8-81DE-3F016C0CB0D6}"
EndProject
Global
	GlobalSection(SolutionConfigurationPlatforms) = preSolution
		Debug|Any CPU = Debug|Any CPU
		Release|Any CPU = Release|Any CPU
	EndGlobalSection
	GlobalSection(ProjectConfigurationPlatforms) = postSolution
		{58B2D418-BE6C-48F8-81DE-3F016C0CB0D6}.Debug|Any CPU.ActiveCfg = Debug|Any CPU
		{58B2D418-BE6C-48F8-81DE-3F016C0CB0D6}.Debug|Any CPU.Build.0 = Debug|Any CPU
		{58B2D418-BE6C-48F8-81DE-3F016C0CB0D6}.Release|Any CPU.ActiveCfg = Release|Any CPU
		{58B2D418-BE6C-48F8-81DE-3F016C0CB0D6}.Release|Any CPU.Build.0 = Release|Any CPU
	EndGlobalSection
	GlobalSection(SolutionProperties) = preSolution
		HideSolutionNode = FALSE
	EndGlobalSection
	GlobalSection(ExtensibilityGlobals) = postSolution
		SolutionGuid = {48B109DB-EC3B-4455-9D8D-F7ABC4062E13}
	EndGlobalSection
EndGlobal
